
Microsoft Visual Studio Solution File, Format Version 12.00
# Visual Studio Version 17
VisualStudioVersion = 17.13.35913.81
MinimumVisualStudioVersion = 10.0.40219.1
Project("{FAE04EC0-301F-11D3-BF4B-00C04F79EFBC}") = "ProductService", "ProductService\ProductService.csproj", "{344F23BC-65FE-41AA-9F92-25B1BBE2866D}"
EndProject
Project("{FAE04EC0-301F-11D3-BF4B-00C04F79EFBC}") = "OrderService", "OrderService\OrderService.csproj", "{5ADF5FF4-00E9-4A04-88A2-0D38D706FFCD}"
EndProject
Project("{FAE04EC0-301F-11D3-BF4B-00C04F79EFBC}") = "ApiGateway", "ApiGateway\ApiGateway.csproj", "{A4D2BC61-E586-4548-8E5F-F8EC8EA338E0}"
EndProject
Global
	GlobalSection(SolutionConfigurationPlatforms) = preSolution
		Debug|Any CPU = Debug|Any CPU
		Release|Any CPU = Release|Any CPU
	EndGlobalSection
	GlobalSection(ProjectConfigurationPlatforms) = postSolution
		{344F23BC-65FE-41AA-9F92-25B1BBE2866D}.Debug|Any CPU.ActiveCfg = Debug|Any CPU
		{344F23BC-65FE-41AA-9F92-25B1BBE2866D}.Debug|Any CPU.Build.0 = Debug|Any CPU
		{344F23BC-65FE-41AA-9F92-25B1BBE2866D}.Release|Any CPU.ActiveCfg = Release|Any CPU
		{344F23BC-65FE-41AA-9F92-25B1BBE2866D}.Release|Any CPU.Build.0 = Release|Any CPU
		{5ADF5FF4-00E9-4A04-88A2-0D38D706FFCD}.Debug|Any CPU.ActiveCfg = Debug|Any CPU
		{5ADF5FF4-00E9-4A04-88A2-0D38D706FFCD}.Debug|Any CPU.Build.0 = Debug|Any CPU
		{5ADF5FF4-00E9-4A04-88A2-0D38D706FFCD}.Release|Any CPU.ActiveCfg = Release|Any CPU
		{5ADF5FF4-00E9-4A04-88A2-0D38D706FFCD}.Release|Any CPU.Build.0 = Release|Any CPU
		{A4D2BC61-E586-4548-8E5F-F8EC8EA338E0}.Debug|Any CPU.ActiveCfg = Debug|Any CPU
		{A4D2BC61-E586-4548-8E5F-F8EC8EA338E0}.Debug|Any CPU.Build.0 = Debug|Any CPU
		{A4D2BC61-E586-4548-8E5F-F8EC8EA338E0}.Release|Any CPU.ActiveCfg = Release|Any CPU
		{A4D2BC61-E586-4548-8E5F-F8EC8EA338E0}.Release|Any CPU.Build.0 = Release|Any CPU
	EndGlobalSection
	GlobalSection(SolutionProperties) = preSolution
		HideSolutionNode = FALSE
	EndGlobalSection
	GlobalSection(ExtensibilityGlobals) = postSolution
		SolutionGuid = {4761B440-47F2-4ECF-AA76-C51FBCB8D4E6}
	EndGlobalSection
EndGlobal
